
Microsoft Visual Studio Solution File, Format Version 12.00
# Visual Studio Version 17
VisualStudioVersion = 17.5.33516.290
MinimumVisualStudioVersion = 10.0.40219.1
Project("{FAE04EC0-301F-11D3-BF4B-00C04F79EFBC}") = "ClientBillManagement", "ClientBillManagement\ClientBillManagement.csproj", "{11651650-0342-4CCD-B2D9-133C8F0FE3CE}"
EndProject
Global
	GlobalSection(SolutionConfigurationPlatforms) = preSolution
		Debug|Any CPU = Debug|Any CPU
		Release|Any CPU = Release|Any CPU
	EndGlobalSection
	GlobalSection(ProjectConfigurationPlatforms) = postSolution
		{11651650-0342-4CCD-B2D9-133C8F0FE3CE}.Debug|Any CPU.ActiveCfg = Debug|Any CPU
		{11651650-0342-4CCD-B2D9-133C8F0FE3CE}.Debug|Any CPU.Build.0 = Debug|Any CPU
		{11651650-0342-4CCD-B2D9-133C8F0FE3CE}.Release|Any CPU.ActiveCfg = Release|Any CPU
		{11651650-0342-4CCD-B2D9-133C8F0FE3CE}.Release|Any CPU.Build.0 = Release|Any CPU
	EndGlobalSection
	GlobalSection(SolutionProperties) = preSolution
		HideSolutionNode = FALSE
	EndGlobalSection
	GlobalSection(ExtensibilityGlobals) = postSolution
		SolutionGuid = {125A6505-376D-4183-B742-3B023B1300BE}
	EndGlobalSection
EndGlobal
